
Microsoft Visual Studio Solution File, Format Version 12.00
# Visual Studio 15
VisualStudioVersion = 15.0.26403.7
MinimumVisualStudioVersion = 10.0.40219.1
Project("{FAE04EC0-301F-11D3-BF4B-00C04F79EFBC}") = "SQLDocUI", "SQLDocUI\SQLDocUI.csproj", "{2D6F9E3D-DDDE-4DCB-ABA8-D984706C4A9D}"
EndProject
Project("{FAE04EC0-301F-11D3-BF4B-00C04F79EFBC}") = "SQLDocGenerator", "SQLDocGenerator\SQLDocGenerator.csproj", "{01CFE471-B146-4B76-8D97-99B0FBC62501}"
EndProject
Global
	GlobalSection(SolutionConfigurationPlatforms) = preSolution
		Debug|Any CPU = Debug|Any CPU
		Release|Any CPU = Release|Any CPU
	EndGlobalSection
	GlobalSection(ProjectConfigurationPlatforms) = postSolution
		{2D6F9E3D-DDDE-4DCB-ABA8-D984706C4A9D}.Debug|Any CPU.ActiveCfg = Debug|Any CPU
		{2D6F9E3D-DDDE-4DCB-ABA8-D984706C4A9D}.Debug|Any CPU.Build.0 = Debug|Any CPU
		{2D6F9E3D-DDDE-4DCB-ABA8-D984706C4A9D}.Release|Any CPU.ActiveCfg = Release|Any CPU
		{2D6F9E3D-DDDE-4DCB-ABA8-D984706C4A9D}.Release|Any CPU.Build.0 = Release|Any CPU
		{01CFE471-B146-4B76-8D97-99B0FBC62501}.Debug|Any CPU.ActiveCfg = Debug|Any CPU
		{01CFE471-B146-4B76-8D97-99B0FBC62501}.Debug|Any CPU.Build.0 = Debug|Any CPU
		{01CFE471-B146-4B76-8D97-99B0FBC62501}.Release|Any CPU.ActiveCfg = Release|Any CPU
		{01CFE471-B146-4B76-8D97-99B0FBC62501}.Release|Any CPU.Build.0 = Release|Any CPU
	EndGlobalSection
	GlobalSection(SolutionProperties) = preSolution
		HideSolutionNode = FALSE
	EndGlobalSection
EndGlobal
